
Microsoft Visual Studio Solution File, Format Version 12.00
Project("{FAE04EC0-301F-11D3-BF4B-00C04F79EFBC}") = "MealForgerBackend", "MealForgerBackend.csproj", "{A1C872F6-2452-4DC9-BD02-91F0487443A3}"
EndProject
Global
	GlobalSection(SolutionConfigurationPlatforms) = preSolution
		Debug|Any CPU = Debug|Any CPU
		Release|Any CPU = Release|Any CPU
	EndGlobalSection
	GlobalSection(ProjectConfigurationPlatforms) = postSolution
		{A1C872F6-2452-4DC9-BD02-91F0487443A3}.Debug|Any CPU.ActiveCfg = Debug|Any CPU
		{A1C872F6-2452-4DC9-BD02-91F0487443A3}.Debug|Any CPU.Build.0 = Debug|Any CPU
		{A1C872F6-2452-4DC9-BD02-91F0487443A3}.Release|Any CPU.ActiveCfg = Release|Any CPU
		{A1C872F6-2452-4DC9-BD02-91F0487443A3}.Release|Any CPU.Build.0 = Release|Any CPU
	EndGlobalSection
EndGlobal
